
Microsoft Visual Studio Solution File, Format Version 12.00
# Visual Studio 2013
VisualStudioVersion = 12.0.21005.1
MinimumVisualStudioVersion = 10.0.40219.1
Project("{E24C65DC-7377-472B-9ABA-BC803B73C61A}") = "MinorIrrigationMockup", "http://localhost/MinorIrrigationMockup", "{5573F179-14B2-4AFA-BA57-DE5AAAD63D4B}"
	ProjectSection(WebsiteProperties) = preProject
		UseIISExpress = "false"
		TargetFrameworkMoniker = ".NETFramework,Version%3Dv4.0"
		Debug.AspNetCompiler.VirtualPath = "/MinorIrrigationMockup"
		Debug.AspNetCompiler.PhysicalPath = "..\MinorIrrigationMockup\"
		Debug.AspNetCompiler.TargetPath = "PrecompiledWeb\MinorIrrigationMockup\"
		Debug.AspNetCompiler.Updateable = "true"
		Debug.AspNetCompiler.ForceOverwrite = "true"
		Debug.AspNetCompiler.FixedNames = "false"
		Debug.AspNetCompiler.Debug = "True"
		Release.AspNetCompiler.VirtualPath = "/MinorIrrigationMockup"
		Release.AspNetCompiler.PhysicalPath = "..\MinorIrrigationMockup\"
		Release.AspNetCompiler.TargetPath = "PrecompiledWeb\MinorIrrigationMockup\"
		Release.AspNetCompiler.Updateable = "true"
		Release.AspNetCompiler.ForceOverwrite = "true"
		Release.AspNetCompiler.FixedNames = "false"
		Release.AspNetCompiler.Debug = "False"
		SlnRelativePath = "..\MinorIrrigationMockup\"
	EndProjectSection
EndProject
Global
	GlobalSection(SolutionConfigurationPlatforms) = preSolution
		Debug|Any CPU = Debug|Any CPU
	EndGlobalSection
	GlobalSection(ProjectConfigurationPlatforms) = postSolution
		{5573F179-14B2-4AFA-BA57-DE5AAAD63D4B}.Debug|Any CPU.ActiveCfg = Debug|Any CPU
		{5573F179-14B2-4AFA-BA57-DE5AAAD63D4B}.Debug|Any CPU.Build.0 = Debug|Any CPU
	EndGlobalSection
	GlobalSection(SolutionProperties) = preSolution
		HideSolutionNode = FALSE
	EndGlobalSection
EndGlobal
